{
  "name": "scent-personality-quiz",
  "lockfileVersion": 3,
  "requires": true,
  "packages": {
    "": {
      "name": "scent-personality-quiz",
      "dependencies": {
        "animejs": "^4.3.5"
      }
    },
    "node_modules/animejs": {
      "version": "4.3.5",
      "resolved": "https://registry.npmjs.org/animejs/-/animejs-4.3.5.tgz",
      "integrity": "sha512-yuQo/r97TCE+DDu3dTRKjyhBKSEGBcZorWeRW7WCE7EkAQpBoNd2E82dAAD/MDdrbREv7qsw/u7MAqiUX544WQ==",
      "license": "MIT",
      "funding": {
        "type": "github",
        "url": "https://github.com/sponsors/juliangarnier"
      }
    }
  }
}
